
Microsoft Visual Studio Solution File, Format Version 12.00
# Visual Studio Version 17
VisualStudioVersion = 17.9.34714.143
MinimumVisualStudioVersion = 10.0.40219.1
Project("{9A19103F-16F7-4668-BE54-9A1E7A4F7556}") = "Gabriel.Cat.S.Drawing", "Gabriel.Cat.S.Drawing\Gabriel.Cat.S.Drawing.csproj", "{746DCFB7-4A8A-4A71-9A64-66499C8B89FC}"
EndProject
Project("{9A19103F-16F7-4668-BE54-9A1E7A4F7556}") = "Gabriel.Cat.S.Drawing.Serialitzar", "Gabriel.Cat.S.Drawing.Serialitzar\Gabriel.Cat.S.Drawing.Serialitzar.csproj", "{9A400E35-9A59-4DBF-8EBB-E5DF7BF9E000}"
EndProject
Project("{9A19103F-16F7-4668-BE54-9A1E7A4F7556}") = "Gabriel.Cat.S.Utilitats", "..\Gabriel.Cat.S.Utilitats\Gabriel.Cat.S.Utilitats\Gabriel.Cat.S.Utilitats.csproj", "{77EC8823-E9A1-4CB1-99B5-9E2990036D50}"
EndProject
Project("{9A19103F-16F7-4668-BE54-9A1E7A4F7556}") = "Gabriel.Cat.S.Binaris", "..\Gabriel.Cat.S.Binaris\Gabriel.Cat.S.Binaris.csproj", "{CCD593AA-AA85-4845-92C3-2306CA6AD62A}"
EndProject
Global
	GlobalSection(SolutionConfigurationPlatforms) = preSolution
		Debug|Any CPU = Debug|Any CPU
		Release|Any CPU = Release|Any CPU
	EndGlobalSection
	GlobalSection(ProjectConfigurationPlatforms) = postSolution
		{746DCFB7-4A8A-4A71-9A64-66499C8B89FC}.Debug|Any CPU.ActiveCfg = Debug|Any CPU
		{746DCFB7-4A8A-4A71-9A64-66499C8B89FC}.Debug|Any CPU.Build.0 = Debug|Any CPU
		{746DCFB7-4A8A-4A71-9A64-66499C8B89FC}.Release|Any CPU.ActiveCfg = Release|Any CPU
		{746DCFB7-4A8A-4A71-9A64-66499C8B89FC}.Release|Any CPU.Build.0 = Release|Any CPU
		{9A400E35-9A59-4DBF-8EBB-E5DF7BF9E000}.Debug|Any CPU.ActiveCfg = Debug|Any CPU
		{9A400E35-9A59-4DBF-8EBB-E5DF7BF9E000}.Debug|Any CPU.Build.0 = Debug|Any CPU
		{9A400E35-9A59-4DBF-8EBB-E5DF7BF9E000}.Release|Any CPU.ActiveCfg = Release|Any CPU
		{9A400E35-9A59-4DBF-8EBB-E5DF7BF9E000}.Release|Any CPU.Build.0 = Release|Any CPU
		{77EC8823-E9A1-4CB1-99B5-9E2990036D50}.Debug|Any CPU.ActiveCfg = Debug|Any CPU
		{77EC8823-E9A1-4CB1-99B5-9E2990036D50}.Debug|Any CPU.Build.0 = Debug|Any CPU
		{77EC8823-E9A1-4CB1-99B5-9E2990036D50}.Release|Any CPU.ActiveCfg = Release|Any CPU
		{77EC8823-E9A1-4CB1-99B5-9E2990036D50}.Release|Any CPU.Build.0 = Release|Any CPU
		{CCD593AA-AA85-4845-92C3-2306CA6AD62A}.Debug|Any CPU.ActiveCfg = Debug|Any CPU
		{CCD593AA-AA85-4845-92C3-2306CA6AD62A}.Debug|Any CPU.Build.0 = Debug|Any CPU
		{CCD593AA-AA85-4845-92C3-2306CA6AD62A}.Release|Any CPU.ActiveCfg = Release|Any CPU
		{CCD593AA-AA85-4845-92C3-2306CA6AD62A}.Release|Any CPU.Build.0 = Release|Any CPU
	EndGlobalSection
	GlobalSection(SolutionProperties) = preSolution
		HideSolutionNode = FALSE
	EndGlobalSection
	GlobalSection(ExtensibilityGlobals) = postSolution
		SolutionGuid = {B62E9D62-9E6B-4D8D-9BEB-8F7D0662A72D}
	EndGlobalSection
EndGlobal
